
Microsoft Visual Studio Solution File, Format Version 12.00
# Visual Studio Version 16
VisualStudioVersion = 16.0.30104.148
MinimumVisualStudioVersion = 10.0.40219.1
Project("{FAE04EC0-301F-11D3-BF4B-00C04F79EFBC}") = "lab_8", "lab_8\lab_8.csproj", "{7F7A1169-EA99-46D2-BAF0-675C414D57D7}"
EndProject
Project("{FAE04EC0-301F-11D3-BF4B-00C04F79EFBC}") = "lab_8_tests", "lab_8_tests\lab_8_tests.csproj", "{58CB084A-1652-4E0B-B83F-EFB7B8F5DB5E}"
EndProject
Global
	GlobalSection(SolutionConfigurationPlatforms) = preSolution
		Debug|Any CPU = Debug|Any CPU
		Release|Any CPU = Release|Any CPU
	EndGlobalSection
	GlobalSection(ProjectConfigurationPlatforms) = postSolution
		{7F7A1169-EA99-46D2-BAF0-675C414D57D7}.Debug|Any CPU.ActiveCfg = Debug|Any CPU
		{7F7A1169-EA99-46D2-BAF0-675C414D57D7}.Debug|Any CPU.Build.0 = Debug|Any CPU
		{7F7A1169-EA99-46D2-BAF0-675C414D57D7}.Release|Any CPU.ActiveCfg = Release|Any CPU
		{7F7A1169-EA99-46D2-BAF0-675C414D57D7}.Release|Any CPU.Build.0 = Release|Any CPU
		{58CB084A-1652-4E0B-B83F-EFB7B8F5DB5E}.Debug|Any CPU.ActiveCfg = Debug|Any CPU
		{58CB084A-1652-4E0B-B83F-EFB7B8F5DB5E}.Debug|Any CPU.Build.0 = Debug|Any CPU
		{58CB084A-1652-4E0B-B83F-EFB7B8F5DB5E}.Release|Any CPU.ActiveCfg = Release|Any CPU
		{58CB084A-1652-4E0B-B83F-EFB7B8F5DB5E}.Release|Any CPU.Build.0 = Release|Any CPU
	EndGlobalSection
	GlobalSection(SolutionProperties) = preSolution
		HideSolutionNode = FALSE
	EndGlobalSection
	GlobalSection(ExtensibilityGlobals) = postSolution
		SolutionGuid = {A47C3491-CC74-43DC-85B3-EFCF0E75C767}
	EndGlobalSection
EndGlobal
